PODS:
  - amap_location (0.0.1):
    - AMapLocation
    - Flutter
  - AMapFoundation (1.5.6)
  - AMapLocation (2.6.1):
    - AMapFoundation (~> 1.4)
  - Flutter (1.0.0)
  - simple_permissions (0.0.1):
    - Flutter

DEPENDENCIES:
  - amap_location (from `.symlinks/plugins/amap_location/ios`)
  - Flutter (from `Flutter`)
  - simple_permissions (from `.symlinks/plugins/simple_permissions/ios`)

SPEC REPOS:
  trunk:
    - AMapFoundation
    - AMapLocation

EXTERNAL SOURCES:
  amap_location:
    :path: ".symlinks/plugins/amap_location/ios"
  Flutter:
    :path: Flutter
  simple_permissions:
    :path: ".symlinks/plugins/simple_permissions/ios"

SPEC CHECKSUMS:
  amap_location: a3e2a140bb25950d4e97560ce1b00e53a121e4f4
  AMapFoundation: 20fce2a12cd152e1092afdd04379cdac21932185
  AMapLocation: cf024b53dc03663efb4ea4bcce27d4cce58bb97a
  Flutter: 434fef37c0980e73bb6479ef766c45957d4b510c
  simple_permissions: 149cd87a11f83c24bf99f6e8a82f9fc8b70be233

PODFILE CHECKSUM: aafe91acc616949ddb318b77800a7f51bffa2a4c

COCOAPODS: 1.10.1
